{
    "name": "angular-7-jwt-authentication-example",
    "version": "1.0.0",
    "lockfileVersion": 1,
    "requires": true,
    "dependencies": {
        "@angular/common": {
            "version": "7.2.15",
            "resolved": "https://registry.npmjs.org/@angular/common/-/common-7.2.15.tgz",
            "integrity": "sha512-2b5JY2HWVHCf3D1GZjmde7jdAXSTXkYtmjLtA9tQkjOOTr80eHpNSujQqnzb97dk9VT9OjfjqTQd7K3pxZz8jw==",
            "requires": {
                "tslib": "^1.9.0"
            }
        },
        "@angular/compiler": {
            "version": "7.2.15",
            "resolved": "https://registry.npmjs.org/@angular/compiler/-/compiler-7.2.15.tgz",
            "integrity": "sha512-5yb4NcLk8GuXkYf7Dcor4XkGueYp4dgihzDmMjYDUrV0NPhubKlr+SwGtLOtzgRBWJ1I2bO0S3zwa0q0OgIPOw==",
            "requires": {
                "tslib": "^1.9.0"
            }
        },
        "@angular/core": {
            "version": "7.2.15",
            "resolved": "https://registry.npmjs.org/@angular/core/-/core-7.2.15.tgz",
            "integrity": "sha512-XsuYm0jEU/mOqwDOk2utThv8J9kESkAerfuCHClE9rB2TtHUOGCfekF7lJWqjjypu6/J9ygoPFo7hdAE058ZGg==",
            "requires": {
                "tslib": "^1.9.0"
            }
        },
        "@angular/forms": {
            "version": "7.2.15",
            "resolved": "https://registry.npmjs.org/@angular/forms/-/forms-7.2.15.tgz",
            "integrity": "sha512-p0kcIQLtBBC1qeTA6M3nOuXf/k91E80FKquVM9zEsO2kDjI0oZJVfFYL2UMov5samlJOPN+t6lRHEIUa7ApPsw==",
            "requires": {
                "tslib": "^1.9.0"
            }
        },
        "@angular/platform-browser": {
            "version": "7.2.15",
            "resolved": "https://registry.npmjs.org/@angular/platform-browser/-/platform-browser-7.2.15.tgz",
            "integrity": "sha512-aYgmPsbC9Tvp9vmKWD8voeAp4crwCay7/D6lM3ClEe2EeK934LuEXq3/uczMrFVbnIX7BBIo8fh03Tl7wbiGPw==",
            "requires": {
                "tslib": "^1.9.0"
            }
        },
        "@angular/platform-browser-dynamic": {
            "version": "7.2.15",
            "resolved": "https://registry.npmjs.org/@angular/platform-browser-dynamic/-/platform-browser-dynamic-7.2.15.tgz",
            "integrity": "sha512-UL2PqhzXMD769NQ6Lh6pxlBDKvN9Qol3XLRFil80lwJ1GRW16ITeYbCamcafIH2GOyd88IhmYcbMfUQ/6q4MMQ==",
            "requires": {
                "tslib": "^1.9.0"
            }
        },
        "@angular/router": {
            "version": "7.2.15",
            "resolved": "https://registry.npmjs.org/@angular/router/-/router-7.2.15.tgz",
            "integrity": "sha512-qAubRJRQanguUqJQ76J9GSZ4JFtoyhJKRmX5P23ANZJXpB6YLzF2fJmOGi+E6cV8F0tKBMEq1pjxFTisx0MXwQ==",
            "requires": {
                "tslib": "^1.9.0"
            }
        },
        "core-js": {
            "version": "2.6.10",
            "resolved": "https://registry.npmjs.org/core-js/-/core-js-2.6.10.tgz",
            "integrity": "sha512-I39t74+4t+zau64EN1fE5v2W31Adtc/REhzWN+gWRRXg6WH5qAsZm62DHpQ1+Yhe4047T55jvzz7MUqF/dBBlA=="
        },
        "rxjs": {
            "version": "6.5.3",
            "resolved": "https://registry.npmjs.org/rxjs/-/rxjs-6.5.3.tgz",
            "integrity": "sha512-wuYsAYYFdWTAnAaPoKGNhfpWwKZbJW+HgAJ+mImp+Epl7BG8oNWBCTyRM8gba9k4lk8BgWdoYm21Mo/RYhhbgA==",
            "requires": {
                "tslib": "^1.9.0"
            }
        },
        "tslib": {
            "version": "1.10.0",
            "resolved": "https://registry.npmjs.org/tslib/-/tslib-1.10.0.tgz",
            "integrity": "sha512-qOebF53frne81cf0S9B41ByenJ3/IuH8yJKngAX35CmiZySA0khhkovshKK+jGCaMnVomla7gVlIcc3EvKPbTQ=="
        },
        "zone.js": {
            "version": "0.8.29",
            "resolved": "https://registry.npmjs.org/zone.js/-/zone.js-0.8.29.tgz",
            "integrity": "sha512-mla2acNCMkWXBD+c+yeUrBUrzOxYMNFdQ6FGfigGGtEVBPJx07BQeJekjt9DmH1FtZek4E9rE1eRR9qQpxACOQ=="
        }
    }
}
